
Microsoft Visual Studio Solution File, Format Version 12.00
# Visual Studio 15
Project("{FAE04EC0-301F-11D3-BF4B-00C04F79EFBC}") = "Assembly-CSharp", "Assembly-CSharp.csproj", "{BDD7B4F8-3806-8AB1-60FD-754E2AD54214}"
EndProject
Global
	GlobalSection(SolutionConfigurationPlatforms) = preSolution
		Debug|Any CPU = Debug|Any CPU
		Release|Any CPU = Release|Any CPU
	EndGlobalSection
	GlobalSection(ProjectConfigurationPlatforms) = postSolution
		{BDD7B4F8-3806-8AB1-60FD-754E2AD54214}.Debug|Any CPU.ActiveCfg = Debug|Any CPU
		{BDD7B4F8-3806-8AB1-60FD-754E2AD54214}.Debug|Any CPU.Build.0 = Debug|Any CPU
		{BDD7B4F8-3806-8AB1-60FD-754E2AD54214}.Release|Any CPU.ActiveCfg = Release|Any CPU
		{BDD7B4F8-3806-8AB1-60FD-754E2AD54214}.Release|Any CPU.Build.0 = Release|Any CPU
	EndGlobalSection
	GlobalSection(SolutionProperties) = preSolution
		HideSolutionNode = FALSE
	EndGlobalSection
EndGlobal
